hash: 1843a6d5ad77f8efd37abe3bde309049cb5519fccd3a23577ddb4a8f92be7bad
updated: 2017-08-10T11:14:19.1127562+08:00
imports:
- name: github.com/BurntSushi/toml
  version: a368813c5e648fee92e5f6c30e3944ff9d5e8895
- name: github.com/daryl/api
  version: 00ace7c2bc112b812e7bdafcddbcc4c601a179ba
- name: github.com/dchest/captcha
  version: 6a29415a8364ec2971fdc62d9e415ed53fc20410
- name: github.com/dgrijalva/jwt-go
  version: d2709f9f1f31ebcda9651b03077758c1f3a0018c
- name: github.com/echo-contrib/pongor
  version: 4f5a93dd27a564890d16d0530e3bf944f77c5349
- name: github.com/flosch/pongo2
  version: 58f1f3387f7c57843ff829d92a759d08abe5a63f
- name: github.com/go-redis/redis
  version: 89515eebd1b5761486abd32d9e84a8f55dda7740
- name: github.com/hb-go/echo-mw
  version: a3c62f25136a12c6a6f4d596ba5029fb103d49ff
  subpackages:
  - captcha
- name: github.com/juju/errors
  version: c7d06af17c68cd34c835053720b21f6549d9b0ee
- name: github.com/labstack/echo
  version: 935a60782cbbc55110e7bd4b33120e4567cbee43
  subpackages:
  - middleware
- name: github.com/labstack/gommon
  version: 779b8a8b9850a97acba6a3fe20feb628c39e17c1
  subpackages:
  - bytes
  - color
  - log
  - random
- name: github.com/lunny/nodb
  version: fc1ef06ad4af0da31cdb87e3fa5ec084c67e6597
- name: github.com/mattn/go-colorable
  version: 6c0fd4aa6ec5818d5e3ea9e03ae436972a6c5a9a
- name: github.com/mattn/go-isatty
  version: fc9e8d8ef48496124e79ae0df75490096eccf6fe
- name: github.com/robfig/go-cache
  version: 9fc39e0dbf62c034ec4e45e6120fc69433a3ec51
- name: github.com/valyala/bytebufferpool
  version: e746df99fe4a3986f4d4f79e13c1e0117ce9c2f7
- name: github.com/valyala/fasttemplate
  version: dcecefd839c4193db0d35b88ec65b4c12d360ab0
- name: golang.org/x/crypto
  version: b176d7def5d71bdd214203491f89843ed217f420
  subpackages:
  - acme
  - acme/autocert
- name: golang.org/x/sys
  version: e42485b6e20ae7d2304ec72e535b103ed350cc02
  subpackages:
  - unix
testImports: []
