hash: 7f780a8914fe529f954f2e21c1378b519c42a0b371f51b1c05724705dd6b8faa
updated: 2017-08-03T12:52:02.4856161+08:00
imports:
- name: github.com/boltdb/bolt
  version: 2f1ce7a837dcb8da3ec595b1dac9d0632f0f99e8
- name: github.com/emirpasic/gods
  version: f6c17b524822278a87e3b3bd809fec33b51f5b46
- name: github.com/json-iterator/go
  version: abbd16da6c9d374cb5da8907ec2355bd3571f80e
- name: github.com/labstack/echo
  version: 935a60782cbbc55110e7bd4b33120e4567cbee43
- name: github.com/lukehoban/go-outline
  version: e785568742524aa488d7332e7619dba87b2a8b9d
- name: github.com/sh3rp/token
  version: 3957c406ad2b05f759faead72733bc82ac2bb34d
- name: github.com/stretchr/testify
  version: 69483b4bd14f5845b5a1e55bca19e954e827f1d0
  subpackages:
  - assert
- name: golang.org/x/sys
  version: e312636bdaa2fac4f0acde9d17ab9fbad2b4ad10
  subpackages:
  - unix
testImports:
- name: github.com/davecgh/go-spew
  version: 04cdfd42973bb9c8589fd6a731800cf222fde1a9
  subpackages:
  - spew
- name: github.com/pmezard/go-difflib
  version: d8ed2627bdf02c080bf22230dbb337003b7aba2d
  subpackages:
  - difflib
