hash: fc5f227ef753a435b637da0f745ed12969e52592fbd183c9a36d0180c240013a
updated: 2017-07-27T10:48:24.2230782+08:00
imports:
- name: github.com/coocood/jas
  version: e8ccaf9a2db610ffcf51007c77f83cd40f77b59d
- name: github.com/lukehoban/go-outline
  version: e785568742524aa488d7332e7619dba87b2a8b9d
testImports: []
