hash: 320d90616bd72d2a56461390164f1428b78f884931884805363ae3ae07877934
updated: 2018-02-01T16:00:13.7841867+08:00
imports:
- name: github.com/edwingeng/wuid
  version: b84d65b1834d5771e4ad344ffedc010d924c8eed
- name: github.com/kn9ts/frodo
  version: 5f7c74c759d76ef223e455080015438eca7c4363
- name: github.com/vmihailenco/msgpack
  version: a2885efdac59c3f72964b70a6b1d9f6053acea2a
  subpackages:
  - codes
- name: golang.org/x/net
  version: 309822c5b9b9f80db67f016069a12628d94fad34
  subpackages:
  - context
- name: google.golang.org/appengine/datastore
  version: 9093111e84c0a1120b657892e3766631ee79dd92
testImports: []
