hash: ee3424c80e9f1866ab804e345443ba7fe96a0069bdaf201d6ef8ab1e84761a21
updated: 2017-11-02T17:53:04.8341089+08:00
imports:
- name: github.com/bitly/go-simplejson
  version: aabad6e819789e569bd6aabf444c935aa9ba1e44
- name: github.com/bmizerany/assert
  version: b7ed37b82869576c289d7d97fb2bbd8b64a0cb28
- name: github.com/elgs/gojq
  version: 81fa9a608a130323eaf4b4fc00224f7a467ffbd1
- name: github.com/elgs/gosplitargs
  version: a491c5eeb3c841d55913cf4888f5c957be4c598d
- name: github.com/elgs/jsonql
  version: 7146bdb05a1e395106204d45100e4d19eed3b62c
- name: github.com/kr/pretty
  version: cfb55aafdaf3ec08f0db22699ab822c50091b1c4
- name: github.com/kr/text
  version: 7cafcd837844e784b526369c9bce262804aebc60
- name: github.com/tidwall/gjson
  version: 5a69e67cfd8f6f9b0044ed49f5079d0eeed28653
- name: github.com/tidwall/match
  version: 1731857f09b1f38450e2c12409748407822dc6be
testImports: []
